PODS:
  - Flutter (1.0.0)
  - flutter_file_view (2.2.1):
    - Flutter

DEPENDENCIES:
  - Flutter (from `Flutter`)
  - flutter_file_view (from `.symlinks/plugins/flutter_file_view/ios`)

EXTERNAL SOURCES:
  Flutter:
    :path: Flutter
  flutter_file_view:
    :path: ".symlinks/plugins/flutter_file_view/ios"

SPEC CHECKSUMS:
  Flutter: 50d75fe2f02b26cc09d224853bb45737f8b3214a
  flutter_file_view: 6a1244fa2f8ea22268218dae4f92f91b61155185

PODFILE CHECKSUM: aafe91acc616949ddb318b77800a7f51bffa2a4c

COCOAPODS: 1.11.3
